
Microsoft Visual Studio Solution File, Format Version 12.00
# Visual Studio Version 17
VisualStudioVersion = 17.7.34003.232
MinimumVisualStudioVersion = 10.0.40219.1
Project("{8BC9CEB8-8B4A-11D0-8D11-00A0C91BC942}") = "lab2.1", "lab2.1\lab2.1.vcxproj", "{08420D8D-2A03-41FD-9CE6-66D8923B129C}"
EndProject
Global
	GlobalSection(SolutionConfigurationPlatforms) = preSolution
		Debug|x64 = Debug|x64
		Debug|x86 = Debug|x86
		Release|x64 = Release|x64
		Release|x86 = Release|x86
	EndGlobalSection
	GlobalSection(ProjectConfigurationPlatforms) = postSolution
		{08420D8D-2A03-41FD-9CE6-66D8923B129C}.Debug|x64.ActiveCfg = Debug|x64
		{08420D8D-2A03-41FD-9CE6-66D8923B129C}.Debug|x64.Build.0 = Debug|x64
		{08420D8D-2A03-41FD-9CE6-66D8923B129C}.Debug|x86.ActiveCfg = Debug|Win32
		{08420D8D-2A03-41FD-9CE6-66D8923B129C}.Debug|x86.Build.0 = Debug|Win32
		{08420D8D-2A03-41FD-9CE6-66D8923B129C}.Release|x64.ActiveCfg = Release|x64
		{08420D8D-2A03-41FD-9CE6-66D8923B129C}.Release|x64.Build.0 = Release|x64
		{08420D8D-2A03-41FD-9CE6-66D8923B129C}.Release|x86.ActiveCfg = Release|Win32
		{08420D8D-2A03-41FD-9CE6-66D8923B129C}.Release|x86.Build.0 = Release|Win32
	EndGlobalSection
	GlobalSection(SolutionProperties) = preSolution
		HideSolutionNode = FALSE
	EndGlobalSection
	GlobalSection(ExtensibilityGlobals) = postSolution
		SolutionGuid = {6F4F6AED-83D0-4B2F-8455-CA280176BFE4}
	EndGlobalSection
EndGlobal
